
Microsoft Visual Studio Solution File, Format Version 12.00
# Visual Studio Version 17
VisualStudioVersion = 17.5.002.0
MinimumVisualStudioVersion = 10.0.40219.1
Project("{2150E333-8FDC-42A3-9474-1A3956D46DE8}") = "src", "src", "{26F88A5D-2C62-4605-83D1-CA71902DFBBD}"
EndProject
Project("{9A19103F-16F7-4668-BE54-9A1E7A4F7556}") = "BigStar", "src\BigStar\BigStar.csproj", "{BDEC5660-178F-48A2-9751-BE5D264B18F9}"
EndProject
Global
	GlobalSection(SolutionConfigurationPlatforms) = preSolution
		Debug|Any CPU = Debug|Any CPU
		Release|Any CPU = Release|Any CPU
	EndGlobalSection
	GlobalSection(ProjectConfigurationPlatforms) = postSolution
		{BDEC5660-178F-48A2-9751-BE5D264B18F9}.Debug|Any CPU.ActiveCfg = Debug|Any CPU
		{BDEC5660-178F-48A2-9751-BE5D264B18F9}.Debug|Any CPU.Build.0 = Debug|Any CPU
		{BDEC5660-178F-48A2-9751-BE5D264B18F9}.Release|Any CPU.ActiveCfg = Release|Any CPU
		{BDEC5660-178F-48A2-9751-BE5D264B18F9}.Release|Any CPU.Build.0 = Release|Any CPU
	EndGlobalSection
	GlobalSection(SolutionProperties) = preSolution
		HideSolutionNode = FALSE
	EndGlobalSection
	GlobalSection(NestedProjects) = preSolution
		{BDEC5660-178F-48A2-9751-BE5D264B18F9} = {26F88A5D-2C62-4605-83D1-CA71902DFBBD}
	EndGlobalSection
	GlobalSection(ExtensibilityGlobals) = postSolution
		SolutionGuid = {E5E7FCA4-5A21-40FE-9475-0CDEA1570123}
	EndGlobalSection
EndGlobal
